
Microsoft Visual Studio Solution File, Format Version 12.00
# Visual Studio 15
VisualStudioVersion = 15.0.27130.2010
MinimumVisualStudioVersion = 10.0.40219.1
Project("{2150E333-8FDC-42A3-9474-1A3956D46DE8}") = "01_TP.Infrastructure", "01_TP.Infrastructure", "{EE775B39-235B-4DE9-80A3-07B63AC2267B}"
EndProject
Project("{2150E333-8FDC-42A3-9474-1A3956D46DE8}") = "02_TP.DataAccess", "02_TP.DataAccess", "{1D078CE9-4341-446C-8EF9-536C59FFD059}"
EndProject
Project("{2150E333-8FDC-42A3-9474-1A3956D46DE8}") = "03_TP.Domain", "03_TP.Domain", "{5E4C1EC3-E42A-4871-BB12-CBEAFACCA241}"
EndProject
Project("{2150E333-8FDC-42A3-9474-1A3956D46DE8}") = "04_TP.Hosting", "04_TP.Hosting", "{CB0720AF-DA9D-49ED-94BB-15645E4A6B73}"
EndProject
Project("{2150E333-8FDC-42A3-9474-1A3956D46DE8}") = "05_TP.Client.WinForm", "05_TP.Client.WinForm", "{A56C3514-F9E1-4424-9FAB-C28290D0CC30}"
EndProject
Project("{2150E333-8FDC-42A3-9474-1A3956D46DE8}") = "01_Common", "01_Common", "{49C169D9-E20C-4801-84D0-04B2411EE3C9}"
EndProject
Project("{2150E333-8FDC-42A3-9474-1A3956D46DE8}") = "01_Model", "01_Model", "{0CC81A31-BE64-4F52-9A38-9AF40C4DF43F}"
EndProject
Project("{2150E333-8FDC-42A3-9474-1A3956D46DE8}") = "02_Business", "02_Business", "{B9BEA3F9-913A-4F2F-A0E1-B107F35C7F61}"
EndProject
Project("{2150E333-8FDC-42A3-9474-1A3956D46DE8}") = "01_Data", "01_Data", "{E7BFD142-8B49-484E-80B0-337003608BE4}"
EndProject
Project("{2150E333-8FDC-42A3-9474-1A3956D46DE8}") = "02_Repository", "02_Repository", "{851B34F6-D9B8-4F8A-AD47-48F01F129035}"
EndProject
Project("{FAE04EC0-301F-11D3-BF4B-00C04F79EFBC}") = "TP.Data.EntityFramework", "TP.Infrastructure\TP.Data.EntityFramework\TP.Data.EntityFramework.csproj", "{41655BD2-A337-4C99-968D-BC7CA7CF97BB}"
EndProject
Project("{FAE04EC0-301F-11D3-BF4B-00C04F79EFBC}") = "TP.Data.Repository.EntityFramework", "TP.Infrastructure\TP.Data.Repository.EntityFramework\TP.Data.Repository.EntityFramework.csproj", "{A2B286D2-6017-4A85-B2A4-2C1C7C32C620}"
EndProject
Project("{FAE04EC0-301F-11D3-BF4B-00C04F79EFBC}") = "TP.Infrastructure.Autofac", "TP.Infrastructure\TP.Infrastructure.Autofac\TP.Infrastructure.Autofac.csproj", "{0D346218-CE15-4900-9164-C99270996450}"
EndProject
Project("{FAE04EC0-301F-11D3-BF4B-00C04F79EFBC}") = "TP.Infrastructure.Caching", "TP.Infrastructure\TP.Infrastructure.Caching\TP.Infrastructure.Caching.csproj", "{E2D2930B-2A90-4AF4-A9F4-B22C33F08B0E}"
EndProject
Project("{FAE04EC0-301F-11D3-BF4B-00C04F79EFBC}") = "TP.Infrastructure.Common", "TP.Infrastructure\TP.Infrastructure.Common\TP.Infrastructure.Common.csproj", "{09B5C2DA-9232-43BB-992A-029E70C0D728}"
EndProject
Project("{FAE04EC0-301F-11D3-BF4B-00C04F79EFBC}") = "TP.Infrastructure.Logging", "TP.Infrastructure\TP.Infrastructure.Logging\TP.Infrastructure.Logging.csproj", "{08AE22AE-4A53-4758-9662-E88C7BC1129B}"
EndProject
Project("{FAE04EC0-301F-11D3-BF4B-00C04F79EFBC}") = "TP.WL.ERP.Data", "TP.DataAccess\TP.WL.ERP.Data\TP.WL.ERP.Data.csproj", "{D910D212-2F3D-4445-9910-88CDDA0617B5}"
EndProject
Project("{FAE04EC0-301F-11D3-BF4B-00C04F79EFBC}") = "TP.Repository.Administration", "TP.DataAccess\TP.Repository.Administration\TP.Repository.Administration.csproj", "{967F4AD8-1978-41AE-9D76-5D6B651C2EAC}"
EndProject
Project("{FAE04EC0-301F-11D3-BF4B-00C04F79EFBC}") = "TP.WL.ERP.Repository.Crm", "TP.DataAccess\TP.WL.ERP.Repository.Crm\TP.WL.ERP.Repository.Crm.csproj", "{7310AC4D-A057-4549-A852-CED2A51EC2C8}"
EndProject
Project("{FAE04EC0-301F-11D3-BF4B-00C04F79EFBC}") = "TP.WL.ERP.Repository.Estimate", "TP.DataAccess\TP.WL.ERP.Repository.Estimate\TP.WL.ERP.Repository.Estimate.csproj", "{C338007C-6DDA-4D14-A89B-556B19D37407}"
EndProject
Project("{FAE04EC0-301F-11D3-BF4B-00C04F79EFBC}") = "TP.WL.ERP.Model", "TP.Domain\TP.WL.ERP.Model\TP.WL.ERP.Model.csproj", "{18AFBB0D-738E-4063-94BC-77636F02BDDC}"
EndProject
Project("{FAE04EC0-301F-11D3-BF4B-00C04F79EFBC}") = "TP.Business.Administration", "TP.Domain\TP.Business.Administration\TP.Business.Administration.csproj", "{ADD11054-153D-4B9B-9374-0B5227B0D2AB}"
EndProject
Project("{FAE04EC0-301F-11D3-BF4B-00C04F79EFBC}") = "TP.WL.ERP.Business.Crm", "TP.Domain\TP.WL.ERP.Business.Crm\TP.WL.ERP.Business.Crm.csproj", "{8C53CB4C-F29E-46C1-AE2E-D27B4D1FD41E}"
EndProject
Project("{FAE04EC0-301F-11D3-BF4B-00C04F79EFBC}") = "TP.WL.ERP.Business.Estimate", "TP.Domain\TP.WL.ERP.Business.Estimate\TP.WL.ERP.Business.Estimate.csproj", "{8AE0830C-0050-4EE6-BFBD-61CCC00D2CB7}"
EndProject
Project("{FAE04EC0-301F-11D3-BF4B-00C04F79EFBC}") = "TP.WL.ERP.WebApi", "TP.Hosting\TP.WL.ERP.WebApi\TP.WL.ERP.WebApi.csproj", "{8E28CD46-8D0C-45F5-81C3-98B2F57B7E53}"
EndProject
Project("{FAE04EC0-301F-11D3-BF4B-00C04F79EFBC}") = "TP.AspNet.Identity.EntityFramework", "TP.DataAccess\TP.AspNet.Identity.EntityFramework\TP.AspNet.Identity.EntityFramework.csproj", "{0A901356-C8A9-4749-9CC4-A40B50724D60}"
EndProject
Project("{FAE04EC0-301F-11D3-BF4B-00C04F79EFBC}") = "TP.WL.ERP.WinForm", "TP.Client.WinForm\TP.WL.ERP.WinForm\TP.WL.ERP.WinForm.csproj", "{7F95A18C-C0E9-489B-B2B1-A1DE5F411703}"
EndProject
Project("{2150E333-8FDC-42A3-9474-1A3956D46DE8}") = "02_Modules", "02_Modules", "{593BBF26-7A7D-4506-AA12-0B00DFDFF8F0}"
EndProject
Project("{FAE04EC0-301F-11D3-BF4B-00C04F79EFBC}") = "TP.WL.ERP.WinForm.Administration", "TP.Client.WinForm\TP.WL.ERP.WinForm.Administration\TP.WL.ERP.WinForm.Administration.csproj", "{DC3E7B79-6326-4FAE-A777-F87AE4CC1B6C}"
EndProject
Project("{FAE04EC0-301F-11D3-BF4B-00C04F79EFBC}") = "TP.Client.WinForm.Common", "TP.Client.WinForm\TP.Client.Common.WinForm\TP.Client.WinForm.Common.csproj", "{31248E19-FED8-4AF0-98E3-A7C196C03599}"
EndProject
Project("{FAE04EC0-301F-11D3-BF4B-00C04F79EFBC}") = "TP.WL.ERP.WinForm.Crm", "TP.Client.WinForm\TP.WL.ERP.WinForm.Crm\TP.WL.ERP.WinForm.Crm.csproj", "{15CC14B9-AB45-4D6B-ACFD-A8D5255D9989}"
EndProject
Project("{FAE04EC0-301F-11D3-BF4B-00C04F79EFBC}") = "TP.WL.ERP.WinForm.Estimate", "TP.Client.WinForm\TP.WL.ERP.WinForm.Estimate\TP.WL.ERP.WinForm.Estimate.csproj", "{D450ECE9-38A7-4B5C-B283-CAB486B1A726}"
EndProject
Project("{FAE04EC0-301F-11D3-BF4B-00C04F79EFBC}") = "TP.WL.ERP.WinForm.Report", "TP.Client.WinForm\TP.WL.ERP.WinForm.Report\TP.WL.ERP.WinForm.Report.csproj", "{70810A2E-20C1-4AD5-BC03-21B2FD4395FE}"
EndProject
Project("{FAE04EC0-301F-11D3-BF4B-00C04F79EFBC}") = "TP.Repository.Utility", "TP.DataAccess\TP.Repository.Utility\TP.Repository.Utility.csproj", "{640D238F-6A83-4BD9-9F06-7E18DF74EDF2}"
EndProject
Global
	GlobalSection(SolutionConfigurationPlatforms) = preSolution
		Debug|Any CPU = Debug|Any CPU
		Release|Any CPU = Release|Any CPU
	EndGlobalSection
	GlobalSection(ProjectConfigurationPlatforms) = postSolution
		{41655BD2-A337-4C99-968D-BC7CA7CF97BB}.Debug|Any CPU.ActiveCfg = Debug|Any CPU
		{41655BD2-A337-4C99-968D-BC7CA7CF97BB}.Debug|Any CPU.Build.0 = Debug|Any CPU
		{41655BD2-A337-4C99-968D-BC7CA7CF97BB}.Release|Any CPU.ActiveCfg = Release|Any CPU
		{41655BD2-A337-4C99-968D-BC7CA7CF97BB}.Release|Any CPU.Build.0 = Release|Any CPU
		{A2B286D2-6017-4A85-B2A4-2C1C7C32C620}.Debug|Any CPU.ActiveCfg = Debug|Any CPU
		{A2B286D2-6017-4A85-B2A4-2C1C7C32C620}.Debug|Any CPU.Build.0 = Debug|Any CPU
		{A2B286D2-6017-4A85-B2A4-2C1C7C32C620}.Release|Any CPU.ActiveCfg = Release|Any CPU
		{A2B286D2-6017-4A85-B2A4-2C1C7C32C620}.Release|Any CPU.Build.0 = Release|Any CPU
		{0D346218-CE15-4900-9164-C99270996450}.Debug|Any CPU.ActiveCfg = Debug|Any CPU
		{0D346218-CE15-4900-9164-C99270996450}.Debug|Any CPU.Build.0 = Debug|Any CPU
		{0D346218-CE15-4900-9164-C99270996450}.Release|Any CPU.ActiveCfg = Release|Any CPU
		{0D346218-CE15-4900-9164-C99270996450}.Release|Any CPU.Build.0 = Release|Any CPU
		{E2D2930B-2A90-4AF4-A9F4-B22C33F08B0E}.Debug|Any CPU.ActiveCfg = Debug|Any CPU
		{E2D2930B-2A90-4AF4-A9F4-B22C33F08B0E}.Debug|Any CPU.Build.0 = Debug|Any CPU
		{E2D2930B-2A90-4AF4-A9F4-B22C33F08B0E}.Release|Any CPU.ActiveCfg = Release|Any CPU
		{E2D2930B-2A90-4AF4-A9F4-B22C33F08B0E}.Release|Any CPU.Build.0 = Release|Any CPU
		{09B5C2DA-9232-43BB-992A-029E70C0D728}.Debug|Any CPU.ActiveCfg = Debug|Any CPU
		{09B5C2DA-9232-43BB-992A-029E70C0D728}.Debug|Any CPU.Build.0 = Debug|Any CPU
		{09B5C2DA-9232-43BB-992A-029E70C0D728}.Release|Any CPU.ActiveCfg = Release|Any CPU
		{09B5C2DA-9232-43BB-992A-029E70C0D728}.Release|Any CPU.Build.0 = Release|Any CPU
		{08AE22AE-4A53-4758-9662-E88C7BC1129B}.Debug|Any CPU.ActiveCfg = Debug|Any CPU
		{08AE22AE-4A53-4758-9662-E88C7BC1129B}.Debug|Any CPU.Build.0 = Debug|Any CPU
		{08AE22AE-4A53-4758-9662-E88C7BC1129B}.Release|Any CPU.ActiveCfg = Release|Any CPU
		{08AE22AE-4A53-4758-9662-E88C7BC1129B}.Release|Any CPU.Build.0 = Release|Any CPU
		{D910D212-2F3D-4445-9910-88CDDA0617B5}.Debug|Any CPU.ActiveCfg = Debug|Any CPU
		{D910D212-2F3D-4445-9910-88CDDA0617B5}.Debug|Any CPU.Build.0 = Debug|Any CPU
		{D910D212-2F3D-4445-9910-88CDDA0617B5}.Release|Any CPU.ActiveCfg = Release|Any CPU
		{D910D212-2F3D-4445-9910-88CDDA0617B5}.Release|Any CPU.Build.0 = Release|Any CPU
		{967F4AD8-1978-41AE-9D76-5D6B651C2EAC}.Debug|Any CPU.ActiveCfg = Debug|Any CPU
		{967F4AD8-1978-41AE-9D76-5D6B651C2EAC}.Debug|Any CPU.Build.0 = Debug|Any CPU
		{967F4AD8-1978-41AE-9D76-5D6B651C2EAC}.Release|Any CPU.ActiveCfg = Release|Any CPU
		{967F4AD8-1978-41AE-9D76-5D6B651C2EAC}.Release|Any CPU.Build.0 = Release|Any CPU
		{7310AC4D-A057-4549-A852-CED2A51EC2C8}.Debug|Any CPU.ActiveCfg = Debug|Any CPU
		{7310AC4D-A057-4549-A852-CED2A51EC2C8}.Debug|Any CPU.Build.0 = Debug|Any CPU
		{7310AC4D-A057-4549-A852-CED2A51EC2C8}.Release|Any CPU.ActiveCfg = Release|Any CPU
		{7310AC4D-A057-4549-A852-CED2A51EC2C8}.Release|Any CPU.Build.0 = Release|Any CPU
		{C338007C-6DDA-4D14-A89B-556B19D37407}.Debug|Any CPU.ActiveCfg = Debug|Any CPU
		{C338007C-6DDA-4D14-A89B-556B19D37407}.Debug|Any CPU.Build.0 = Debug|Any CPU
		{C338007C-6DDA-4D14-A89B-556B19D37407}.Release|Any CPU.ActiveCfg = Release|Any CPU
		{C338007C-6DDA-4D14-A89B-556B19D37407}.Release|Any CPU.Build.0 = Release|Any CPU
		{18AFBB0D-738E-4063-94BC-77636F02BDDC}.Debug|Any CPU.ActiveCfg = Debug|Any CPU
		{18AFBB0D-738E-4063-94BC-77636F02BDDC}.Debug|Any CPU.Build.0 = Debug|Any CPU
		{18AFBB0D-738E-4063-94BC-77636F02BDDC}.Release|Any CPU.ActiveCfg = Release|Any CPU
		{18AFBB0D-738E-4063-94BC-77636F02BDDC}.Release|Any CPU.Build.0 = Release|Any CPU
		{ADD11054-153D-4B9B-9374-0B5227B0D2AB}.Debug|Any CPU.ActiveCfg = Debug|Any CPU
		{ADD11054-153D-4B9B-9374-0B5227B0D2AB}.Debug|Any CPU.Build.0 = Debug|Any CPU
		{ADD11054-153D-4B9B-9374-0B5227B0D2AB}.Release|Any CPU.ActiveCfg = Release|Any CPU
		{ADD11054-153D-4B9B-9374-0B5227B0D2AB}.Release|Any CPU.Build.0 = Release|Any CPU
		{8C53CB4C-F29E-46C1-AE2E-D27B4D1FD41E}.Debug|Any CPU.ActiveCfg = Debug|Any CPU
		{8C53CB4C-F29E-46C1-AE2E-D27B4D1FD41E}.Debug|Any CPU.Build.0 = Debug|Any CPU
		{8C53CB4C-F29E-46C1-AE2E-D27B4D1FD41E}.Release|Any CPU.ActiveCfg = Release|Any CPU
		{8C53CB4C-F29E-46C1-AE2E-D27B4D1FD41E}.Release|Any CPU.Build.0 = Release|Any CPU
		{8AE0830C-0050-4EE6-BFBD-61CCC00D2CB7}.Debug|Any CPU.ActiveCfg = Debug|Any CPU
		{8AE0830C-0050-4EE6-BFBD-61CCC00D2CB7}.Debug|Any CPU.Build.0 = Debug|Any CPU
		{8AE0830C-0050-4EE6-BFBD-61CCC00D2CB7}.Release|Any CPU.ActiveCfg = Release|Any CPU
		{8AE0830C-0050-4EE6-BFBD-61CCC00D2CB7}.Release|Any CPU.Build.0 = Release|Any CPU
		{8E28CD46-8D0C-45F5-81C3-98B2F57B7E53}.Debug|Any CPU.ActiveCfg = Debug|Any CPU
		{8E28CD46-8D0C-45F5-81C3-98B2F57B7E53}.Debug|Any CPU.Build.0 = Debug|Any CPU
		{8E28CD46-8D0C-45F5-81C3-98B2F57B7E53}.Release|Any CPU.ActiveCfg = Release|Any CPU
		{8E28CD46-8D0C-45F5-81C3-98B2F57B7E53}.Release|Any CPU.Build.0 = Release|Any CPU
		{0A901356-C8A9-4749-9CC4-A40B50724D60}.Debug|Any CPU.ActiveCfg = Debug|Any CPU
		{0A901356-C8A9-4749-9CC4-A40B50724D60}.Debug|Any CPU.Build.0 = Debug|Any CPU
		{0A901356-C8A9-4749-9CC4-A40B50724D60}.Release|Any CPU.ActiveCfg = Release|Any CPU
		{0A901356-C8A9-4749-9CC4-A40B50724D60}.Release|Any CPU.Build.0 = Release|Any CPU
		{7F95A18C-C0E9-489B-B2B1-A1DE5F411703}.Debug|Any CPU.ActiveCfg = Debug|Any CPU
		{7F95A18C-C0E9-489B-B2B1-A1DE5F411703}.Debug|Any CPU.Build.0 = Debug|Any CPU
		{7F95A18C-C0E9-489B-B2B1-A1DE5F411703}.Release|Any CPU.ActiveCfg = Release|Any CPU
		{7F95A18C-C0E9-489B-B2B1-A1DE5F411703}.Release|Any CPU.Build.0 = Release|Any CPU
		{DC3E7B79-6326-4FAE-A777-F87AE4CC1B6C}.Debug|Any CPU.ActiveCfg = Debug|Any CPU
		{DC3E7B79-6326-4FAE-A777-F87AE4CC1B6C}.Debug|Any CPU.Build.0 = Debug|Any CPU
		{DC3E7B79-6326-4FAE-A777-F87AE4CC1B6C}.Release|Any CPU.ActiveCfg = Release|Any CPU
		{DC3E7B79-6326-4FAE-A777-F87AE4CC1B6C}.Release|Any CPU.Build.0 = Release|Any CPU
		{31248E19-FED8-4AF0-98E3-A7C196C03599}.Debug|Any CPU.ActiveCfg = Debug|Any CPU
		{31248E19-FED8-4AF0-98E3-A7C196C03599}.Debug|Any CPU.Build.0 = Debug|Any CPU
		{31248E19-FED8-4AF0-98E3-A7C196C03599}.Release|Any CPU.ActiveCfg = Release|Any CPU
		{31248E19-FED8-4AF0-98E3-A7C196C03599}.Release|Any CPU.Build.0 = Release|Any CPU
		{15CC14B9-AB45-4D6B-ACFD-A8D5255D9989}.Debug|Any CPU.ActiveCfg = Debug|Any CPU
		{15CC14B9-AB45-4D6B-ACFD-A8D5255D9989}.Debug|Any CPU.Build.0 = Debug|Any CPU
		{15CC14B9-AB45-4D6B-ACFD-A8D5255D9989}.Release|Any CPU.ActiveCfg = Release|Any CPU
		{15CC14B9-AB45-4D6B-ACFD-A8D5255D9989}.Release|Any CPU.Build.0 = Release|Any CPU
		{D450ECE9-38A7-4B5C-B283-CAB486B1A726}.Debug|Any CPU.ActiveCfg = Debug|Any CPU
		{D450ECE9-38A7-4B5C-B283-CAB486B1A726}.Debug|Any CPU.Build.0 = Debug|Any CPU
		{D450ECE9-38A7-4B5C-B283-CAB486B1A726}.Release|Any CPU.ActiveCfg = Release|Any CPU
		{D450ECE9-38A7-4B5C-B283-CAB486B1A726}.Release|Any CPU.Build.0 = Release|Any CPU
		{70810A2E-20C1-4AD5-BC03-21B2FD4395FE}.Debug|Any CPU.ActiveCfg = Debug|Any CPU
		{70810A2E-20C1-4AD5-BC03-21B2FD4395FE}.Debug|Any CPU.Build.0 = Debug|Any CPU
		{70810A2E-20C1-4AD5-BC03-21B2FD4395FE}.Release|Any CPU.ActiveCfg = Release|Any CPU
		{70810A2E-20C1-4AD5-BC03-21B2FD4395FE}.Release|Any CPU.Build.0 = Release|Any CPU
		{640D238F-6A83-4BD9-9F06-7E18DF74EDF2}.Debug|Any CPU.ActiveCfg = Debug|Any CPU
		{640D238F-6A83-4BD9-9F06-7E18DF74EDF2}.Debug|Any CPU.Build.0 = Debug|Any CPU
		{640D238F-6A83-4BD9-9F06-7E18DF74EDF2}.Release|Any CPU.ActiveCfg = Release|Any CPU
		{640D238F-6A83-4BD9-9F06-7E18DF74EDF2}.Release|Any CPU.Build.0 = Release|Any CPU
	EndGlobalSection
	GlobalSection(SolutionProperties) = preSolution
		HideSolutionNode = FALSE
	EndGlobalSection
	GlobalSection(NestedProjects) = preSolution
		{49C169D9-E20C-4801-84D0-04B2411EE3C9} = {A56C3514-F9E1-4424-9FAB-C28290D0CC30}
		{0CC81A31-BE64-4F52-9A38-9AF40C4DF43F} = {5E4C1EC3-E42A-4871-BB12-CBEAFACCA241}
		{B9BEA3F9-913A-4F2F-A0E1-B107F35C7F61} = {5E4C1EC3-E42A-4871-BB12-CBEAFACCA241}
		{E7BFD142-8B49-484E-80B0-337003608BE4} = {1D078CE9-4341-446C-8EF9-536C59FFD059}
		{851B34F6-D9B8-4F8A-AD47-48F01F129035} = {1D078CE9-4341-446C-8EF9-536C59FFD059}
		{41655BD2-A337-4C99-968D-BC7CA7CF97BB} = {EE775B39-235B-4DE9-80A3-07B63AC2267B}
		{A2B286D2-6017-4A85-B2A4-2C1C7C32C620} = {EE775B39-235B-4DE9-80A3-07B63AC2267B}
		{0D346218-CE15-4900-9164-C99270996450} = {EE775B39-235B-4DE9-80A3-07B63AC2267B}
		{E2D2930B-2A90-4AF4-A9F4-B22C33F08B0E} = {EE775B39-235B-4DE9-80A3-07B63AC2267B}
		{09B5C2DA-9232-43BB-992A-029E70C0D728} = {EE775B39-235B-4DE9-80A3-07B63AC2267B}
		{08AE22AE-4A53-4758-9662-E88C7BC1129B} = {EE775B39-235B-4DE9-80A3-07B63AC2267B}
		{D910D212-2F3D-4445-9910-88CDDA0617B5} = {E7BFD142-8B49-484E-80B0-337003608BE4}
		{967F4AD8-1978-41AE-9D76-5D6B651C2EAC} = {851B34F6-D9B8-4F8A-AD47-48F01F129035}
		{7310AC4D-A057-4549-A852-CED2A51EC2C8} = {851B34F6-D9B8-4F8A-AD47-48F01F129035}
		{C338007C-6DDA-4D14-A89B-556B19D37407} = {851B34F6-D9B8-4F8A-AD47-48F01F129035}
		{18AFBB0D-738E-4063-94BC-77636F02BDDC} = {0CC81A31-BE64-4F52-9A38-9AF40C4DF43F}
		{ADD11054-153D-4B9B-9374-0B5227B0D2AB} = {B9BEA3F9-913A-4F2F-A0E1-B107F35C7F61}
		{8C53CB4C-F29E-46C1-AE2E-D27B4D1FD41E} = {B9BEA3F9-913A-4F2F-A0E1-B107F35C7F61}
		{8AE0830C-0050-4EE6-BFBD-61CCC00D2CB7} = {B9BEA3F9-913A-4F2F-A0E1-B107F35C7F61}
		{8E28CD46-8D0C-45F5-81C3-98B2F57B7E53} = {CB0720AF-DA9D-49ED-94BB-15645E4A6B73}
		{0A901356-C8A9-4749-9CC4-A40B50724D60} = {E7BFD142-8B49-484E-80B0-337003608BE4}
		{7F95A18C-C0E9-489B-B2B1-A1DE5F411703} = {A56C3514-F9E1-4424-9FAB-C28290D0CC30}
		{593BBF26-7A7D-4506-AA12-0B00DFDFF8F0} = {A56C3514-F9E1-4424-9FAB-C28290D0CC30}
		{DC3E7B79-6326-4FAE-A777-F87AE4CC1B6C} = {593BBF26-7A7D-4506-AA12-0B00DFDFF8F0}
		{31248E19-FED8-4AF0-98E3-A7C196C03599} = {49C169D9-E20C-4801-84D0-04B2411EE3C9}
		{15CC14B9-AB45-4D6B-ACFD-A8D5255D9989} = {593BBF26-7A7D-4506-AA12-0B00DFDFF8F0}
		{D450ECE9-38A7-4B5C-B283-CAB486B1A726} = {593BBF26-7A7D-4506-AA12-0B00DFDFF8F0}
		{70810A2E-20C1-4AD5-BC03-21B2FD4395FE} = {593BBF26-7A7D-4506-AA12-0B00DFDFF8F0}
		{640D238F-6A83-4BD9-9F06-7E18DF74EDF2} = {851B34F6-D9B8-4F8A-AD47-48F01F129035}
	EndGlobalSection
	GlobalSection(ExtensibilityGlobals) = postSolution
		SolutionGuid = {10A21FB8-C907-4498-87B2-885C658A8AD8}
	EndGlobalSection
EndGlobal
